{
	"archiveVersion" = "1";
	"classes" =
		{
		};
	"objectVersion" = "46";
	"objects" =
		{
			"100000000000000000000002" =
				{
					"isa" = "PBXGroup";
					"children" =
						("71111063CF2F407D8961FD65", "F68EE1EFD3284447B2BC09F1");
					"sourceTree" = "<group>";
				};
			"100000000000000000000006" =
				{
					"isa" = "PBXNativeTarget";
					"buildPhases" =
						("100000000000000000000007");
					"buildRules" =
						();
					"dependencies" =
						();
					"name" = "test";
					"productName" = "test";
					"productType" = "com.apple.product-type.application";
				};
			"100000000000000000000001" =
				{
					"isa" = "PBXProject";
					"attributes" =
						{
							"LastUpgradeCheck" = "0620";
						};
					"buildConfigurationList" = "100000000000000000000003";
					"compatibilityVersion" = "Xcode 3.2";
					"developmentRegion" = "English";
					"hasScannedForEncodings" = "0";
					"knownRegions" =
						("en");
					"mainGroup" = "100000000000000000000002";
					"projectDirPath" = "";
					"projectRoot" = "";
					"targets" =
						("100000000000000000000006");
				};
			"100000000000000000000007" =
				{
					"isa" = "PBXSourcesBuildPhase";
					"buildActionMask" = "2147483647";
					"files" =
						();
					"runOnlyForDeploymentPostprocessing" = "0";
				};
			"100000000000000000000004" =
				{
					"isa" = "XCBuildConfiguration";
					"buildSettings" =
						{
							"INFOPLIST_FILE" = "/Volumes/DEV/Workspace/Libgdx/GameRuntime/ios/Info.plist.xml";
							"SDKROOT" = "iphoneos";
							"TARGETED_DEVICE_FAMILY" = "1,2";
							"GCC_PRECOMPILE_PREFIX_HEADER" = "YES";
							"GCC_PREFIX_HEADER" = "/Volumes/DEV/Workspace/Libgdx/GameRuntime/ios/robovm-build/xcode/.ib/Prefix.pch";
						};
					"name" = "Debug";
				};
			"100000000000000000000005" =
				{
					"isa" = "XCBuildConfiguration";
					"buildSettings" =
						{
							"INFOPLIST_FILE" = "/Volumes/DEV/Workspace/Libgdx/GameRuntime/ios/Info.plist.xml";
							"SDKROOT" = "iphoneos";
							"TARGETED_DEVICE_FAMILY" = "1,2";
							"GCC_PRECOMPILE_PREFIX_HEADER" = "YES";
							"GCC_PREFIX_HEADER" = "/Volumes/DEV/Workspace/Libgdx/GameRuntime/ios/robovm-build/xcode/.ib/Prefix.pch";
						};
					"name" = "Release";
				};
			"100000000000000000000003" =
				{
					"isa" = "XCConfigurationList";
					"buildConfigurations" =
						("100000000000000000000004", "100000000000000000000005");
					"defaultConfigurationIsVisible" = "0";
					"defaultConfigurationName" = "Release";
				};
			"8859CFFC70BC4E8C9DE6B87C" =
				{
					"isa" = "PBXFileReference";
					"name" = "Info.plist";
					"explicitFileType" = "text.plist.info";
					"sourceTree" = "<group>";
					"path" = "Info.plist.xml";
				};
			"F68EE1EFD3284447B2BC09F1" =
				{
					"isa" = "PBXGroup";
					"children" =
						("8859CFFC70BC4E8C9DE6B87C");
					"name" = "Supporting Files";
					"sourceTree" = "<absolute>";
					"path" = "/Volumes/DEV/Workspace/Libgdx/GameRuntime/ios";
				};
			"71111063CF2F407D8961FD65" =
				{
					"isa" = "PBXGroup";
					"children" =
						("C172F1A25CC2427083DD344E", "17A49B8107AF4FCE94F7167B", "9332C690231F4269AD3189BB",
 "5111054AF1F148ADA32945FD", "62E664AC1AB34D179BC22975", "37D83A44F82C4A25AF0BD5FA",
 "F4B7615289D9491CB03E7529", "1542804D5A2F45D2BE6BD00F", "DD28B9ABB16143B580698555",
 "AA06D73226864DE0959DB595", "E953F636425C41A1ABA2F43F", "A4F1DEBE90684367AB532718",
 "2892A7C449E94118BC38044B");
					"name" = "Resources";
					"sourceTree" = "<absolute>";
					"path" = "/Volumes/DEV/Workspace/Libgdx/GameRuntime/ios/../android/assets";
				};
			"C172F1A25CC2427083DD344E" =
				{
					"isa" = "PBXFileReference";
					"name" = "curiosity.png";
					"lastKnownFileType" = "image.png";
					"sourceTree" = "<group>";
					"path" = "curiosity.png";
				};
			"17A49B8107AF4FCE94F7167B" =
				{
					"isa" = "PBXFileReference";
					"name" = "Default-375w-667h@2x.png";
					"lastKnownFileType" = "image.png";
					"sourceTree" = "<group>";
					"path" = "Default-375w-667h@2x.png";
				};
			"9332C690231F4269AD3189BB" =
				{
					"isa" = "PBXFileReference";
					"name" = "Default-414w-736h@3x.png";
					"lastKnownFileType" = "image.png";
					"sourceTree" = "<group>";
					"path" = "Default-414w-736h@3x.png";
				};
			"5111054AF1F148ADA32945FD" =
				{
					"isa" = "PBXFileReference";
					"name" = "Default-568h@2x.png";
					"lastKnownFileType" = "image.png";
					"sourceTree" = "<group>";
					"path" = "Default-568h@2x.png";
				};
			"62E664AC1AB34D179BC22975" =
				{
					"isa" = "PBXFileReference";
					"name" = "Default.png";
					"lastKnownFileType" = "image.png";
					"sourceTree" = "<group>";
					"path" = "Default.png";
				};
			"37D83A44F82C4A25AF0BD5FA" =
				{
					"isa" = "PBXFileReference";
					"name" = "Default@2x.png";
					"lastKnownFileType" = "image.png";
					"sourceTree" = "<group>";
					"path" = "Default@2x.png";
				};
			"F4B7615289D9491CB03E7529" =
				{
					"isa" = "PBXFileReference";
					"name" = "Default@2x~ipad.png";
					"lastKnownFileType" = "image.png";
					"sourceTree" = "<group>";
					"path" = "Default@2x~ipad.png";
				};
			"1542804D5A2F45D2BE6BD00F" =
				{
					"isa" = "PBXFileReference";
					"name" = "Default~ipad.png";
					"lastKnownFileType" = "image.png";
					"sourceTree" = "<group>";
					"path" = "Default~ipad.png";
				};
			"AA06D73226864DE0959DB595" =
				{
					"isa" = "PBXFileReference";
					"name" = "Icon-72.png";
					"lastKnownFileType" = "image.png";
					"sourceTree" = "<group>";
					"path" = "Icon-72.png";
				};
			"E953F636425C41A1ABA2F43F" =
				{
					"isa" = "PBXFileReference";
					"name" = "Icon-72@2x.png";
					"lastKnownFileType" = "image.png";
					"sourceTree" = "<group>";
					"path" = "Icon-72@2x.png";
				};
			"A4F1DEBE90684367AB532718" =
				{
					"isa" = "PBXFileReference";
					"name" = "Icon.png";
					"lastKnownFileType" = "image.png";
					"sourceTree" = "<group>";
					"path" = "Icon.png";
				};
			"2892A7C449E94118BC38044B" =
				{
					"isa" = "PBXFileReference";
					"name" = "Icon@2x.png";
					"lastKnownFileType" = "image.png";
					"sourceTree" = "<group>";
					"path" = "Icon@2x.png";
				};
			"DD28B9ABB16143B580698555" =
				{
					"isa" = "PBXFileReference";
					"name" = "ground.jpg";
					"lastKnownFileType" = "image.jpeg";
					"sourceTree" = "<group>";
					"path" = "ground.jpg";
				};
		};
	"rootObject" = "100000000000000000000001";
}
